
Microsoft Visual Studio Solution File, Format Version 12.00
# Visual Studio Version 17
VisualStudioVersion = 17.12.35506.116
MinimumVisualStudioVersion = 10.0.40219.1
Project("{FAE04EC0-301F-11D3-BF4B-00C04F79EFBC}") = "LecturankWeb", "LecturankWeb\LecturankWeb.csproj", "{04F46BE9-2383-4D49-ABEE-26E5741FDB78}"
EndProject
Project("{FAE04EC0-301F-11D3-BF4B-00C04F79EFBC}") = "LecturankApi", "LecturankApi\LecturankApi.csproj", "{7ABAC4D9-00AF-4AE6-99D5-64278B47993A}"
EndProject
Global
	GlobalSection(SolutionConfigurationPlatforms) = preSolution
		Debug|Any CPU = Debug|Any CPU
		Release|Any CPU = Release|Any CPU
	EndGlobalSection
	GlobalSection(ProjectConfigurationPlatforms) = postSolution
		{04F46BE9-2383-4D49-ABEE-26E5741FDB78}.Debug|Any CPU.ActiveCfg = Debug|Any CPU
		{04F46BE9-2383-4D49-ABEE-26E5741FDB78}.Debug|Any CPU.Build.0 = Debug|Any CPU
		{04F46BE9-2383-4D49-ABEE-26E5741FDB78}.Release|Any CPU.ActiveCfg = Release|Any CPU
		{04F46BE9-2383-4D49-ABEE-26E5741FDB78}.Release|Any CPU.Build.0 = Release|Any CPU
		{7ABAC4D9-00AF-4AE6-99D5-64278B47993A}.Debug|Any CPU.ActiveCfg = Debug|Any CPU
		{7ABAC4D9-00AF-4AE6-99D5-64278B47993A}.Debug|Any CPU.Build.0 = Debug|Any CPU
		{7ABAC4D9-00AF-4AE6-99D5-64278B47993A}.Release|Any CPU.ActiveCfg = Release|Any CPU
		{7ABAC4D9-00AF-4AE6-99D5-64278B47993A}.Release|Any CPU.Build.0 = Release|Any CPU
	EndGlobalSection
	GlobalSection(SolutionProperties) = preSolution
		HideSolutionNode = FALSE
	EndGlobalSection
EndGlobal
